// !$*UTF8*$!
{
	archiveVersion = 1;
	classes = {
	};
	objectVersion = 77;
	objects = {

/* Begin PBXBuildFile section */
		FE0AA0E42E7A83CC00F96718 /* FetchTodosWithUsersUseCase.swift in Sources */ = {isa = PBXBuildFile; fileRef = FE0AA0E32E7A83CC00F96718 /* FetchTodosWithUsersUseCase.swift */; };
		FE0AA0E62E7A843200F96718 /* LocalRepository.swift in Sources */ = {isa = PBXBuildFile; fileRef = FE0AA0E52E7A843200F96718 /* LocalRepository.swift */; };
		FE0AA0E82E7A867000F96718 /* LocalRepositoryImpl.swift in Sources */ = {isa = PBXBuildFile; fileRef = FE0AA0E72E7A867000F96718 /* LocalRepositoryImpl.swift */; };
		FE0AA0EA2E7A8CA100F96718 /* CacheUserMapper.swift in Sources */ = {isa = PBXBuildFile; fileRef = FE0AA0E92E7A8CA100F96718 /* CacheUserMapper.swift */; };
		FE0AA0ED2E7A9D1900F96718 /* TodoItemViewModelMapper.swift in Sources */ = {isa = PBXBuildFile; fileRef = FE0AA0EC2E7A9D1900F96718 /* TodoItemViewModelMapper.swift */; };
		FE65843D2E79A8F100AC58DC /* PersistentContainer.swift in Sources */ = {isa = PBXBuildFile; fileRef = FE65843C2E79A8F100AC58DC /* PersistentContainer.swift */; };
		FE6584422E79B11B00AC58DC /* FetchTodoListUseCase.swift in Sources */ = {isa = PBXBuildFile; fileRef = FE6584412E79B11B00AC58DC /* FetchTodoListUseCase.swift */; };
		FE6584472E79B1EF00AC58DC /* NetworkService.swift in Sources */ = {isa = PBXBuildFile; fileRef = FE6584462E79B1EF00AC58DC /* NetworkService.swift */; };
		FE65844A2E79B36600AC58DC /* Alamofire in Frameworks */ = {isa = PBXBuildFile; productRef = FE6584492E79B36600AC58DC /* Alamofire */; };
		FE65844E2E79C53F00AC58DC /* TodoDTO.swift in Sources */ = {isa = PBXBuildFile; fileRef = FE65844D2E79C53F00AC58DC /* TodoDTO.swift */; };
		FE6584502E79CD8700AC58DC /* TodoDTOMapper.swift in Sources */ = {isa = PBXBuildFile; fileRef = FE65844F2E79CD8700AC58DC /* TodoDTOMapper.swift */; };
		FE6584522E79CD9D00AC58DC /* Mapper.swift in Sources */ = {isa = PBXBuildFile; fileRef = FE6584512E79CD9D00AC58DC /* Mapper.swift */; };
		FE6584542E79CDB800AC58DC /* RemoteRepositoryImpl.swift in Sources */ = {isa = PBXBuildFile; fileRef = FE6584532E79CDB800AC58DC /* RemoteRepositoryImpl.swift */; };
		FE6584562E79CDD400AC58DC /* APIEndpoint.swift in Sources */ = {isa = PBXBuildFile; fileRef = FE6584552E79CDD400AC58DC /* APIEndpoint.swift */; };
		FE65845E2E79CEAE00AC58DC /* RemoteRepository.swift in Sources */ = {isa = PBXBuildFile; fileRef = FE65845D2E79CEAE00AC58DC /* RemoteRepository.swift */; };
		FE6584602E79CF3E00AC58DC /* Todo.swift in Sources */ = {isa = PBXBuildFile; fileRef = FE65845F2E79CF3E00AC58DC /* Todo.swift */; };
		FE6584642E79D10100AC58DC /* UserDTO.swift in Sources */ = {isa = PBXBuildFile; fileRef = FE6584632E79D10100AC58DC /* UserDTO.swift */; };
		FE6584662E79D14B00AC58DC /* User.swift in Sources */ = {isa = PBXBuildFile; fileRef = FE6584652E79D14B00AC58DC /* User.swift */; };
		FE7381BE2E7915F8001CD7E9 /* TodoListCoordinator.swift in Sources */ = {isa = PBXBuildFile; fileRef = FE7381AC2E7915F8001CD7E9 /* TodoListCoordinator.swift */; };
		FE7381BF2E7915F8001CD7E9 /* TodoListViewController.swift in Sources */ = {isa = PBXBuildFile; fileRef = FE7381AD2E7915F8001CD7E9 /* TodoListViewController.swift */; };
		FE7381C02E7915F8001CD7E9 /* TodoListViewModel.swift in Sources */ = {isa = PBXBuildFile; fileRef = FE7381AE2E7915F8001CD7E9 /* TodoListViewModel.swift */; };
		FE7381C12E7915F8001CD7E9 /* AppCoordinator.swift in Sources */ = {isa = PBXBuildFile; fileRef = FE7381B02E7915F8001CD7E9 /* AppCoordinator.swift */; };
		FE7381C22E7915F8001CD7E9 /* AppDelegate.swift in Sources */ = {isa = PBXBuildFile; fileRef = FE7381B12E7915F8001CD7E9 /* AppDelegate.swift */; };
		FE7381C32E7915F8001CD7E9 /* BaseCoordinator.swift in Sources */ = {isa = PBXBuildFile; fileRef = FE7381B32E7915F8001CD7E9 /* BaseCoordinator.swift */; };
		FE7381C42E7915F8001CD7E9 /* BaseNavigationController.swift in Sources */ = {isa = PBXBuildFile; fileRef = FE7381B42E7915F8001CD7E9 /* BaseNavigationController.swift */; };
		FE7381C52E7915F8001CD7E9 /* BaseViewController.swift in Sources */ = {isa = PBXBuildFile; fileRef = FE7381B52E7915F8001CD7E9 /* BaseViewController.swift */; };
		FE7381C62E7915F8001CD7E9 /* SceneDelegate.swift in Sources */ = {isa = PBXBuildFile; fileRef = FE7381B92E7915F8001CD7E9 /* SceneDelegate.swift */; };
		FE7381C72E7915F8001CD7E9 /* TODO_app.xcdatamodeld in Sources */ = {isa = PBXBuildFile; fileRef = FE7381BA2E7915F8001CD7E9 /* TODO_app.xcdatamodeld */; };
		FE7381C82E7915F8001CD7E9 /* TODOAppCoordinator.swift in Sources */ = {isa = PBXBuildFile; fileRef = FE7381BB2E7915F8001CD7E9 /* TODOAppCoordinator.swift */; };
		FE7381CD2E7915F8001CD7E9 /* Assets.xcassets in Resources */ = {isa = PBXBuildFile; fileRef = FE7381B22E7915F8001CD7E9 /* Assets.xcassets */; };
		FE7381CE2E7915F8001CD7E9 /* Colors.xcassets in Resources */ = {isa = PBXBuildFile; fileRef = FE7381B62E7915F8001CD7E9 /* Colors.xcassets */; };
		FE7381D02E7915F8001CD7E9 /* LaunchScreen.storyboard in Resources */ = {isa = PBXBuildFile; fileRef = FE7381B82E7915F8001CD7E9 /* LaunchScreen.storyboard */; };
		FE7381DE2E7922B0001CD7E9 /* UIView+Extensions.swift in Sources */ = {isa = PBXBuildFile; fileRef = FE7381DD2E7922B0001CD7E9 /* UIView+Extensions.swift */; };
		FE7381E02E792632001CD7E9 /* BaseTableViewCell.swift in Sources */ = {isa = PBXBuildFile; fileRef = FE7381DF2E792632001CD7E9 /* BaseTableViewCell.swift */; };
		FE7381E22E79279C001CD7E9 /* TodoListTableViewCell.swift in Sources */ = {isa = PBXBuildFile; fileRef = FE7381E12E79279C001CD7E9 /* TodoListTableViewCell.swift */; };
		FE7381E42E792A20001CD7E9 /* TodoItemViewModel.swift in Sources */ = {isa = PBXBuildFile; fileRef = FE7381E32E792A20001CD7E9 /* TodoItemViewModel.swift */; };
		FE7381EB2E7939EE001CD7E9 /* TodoDetailsViewController.swift in Sources */ = {isa = PBXBuildFile; fileRef = FE7381E72E7939EE001CD7E9 /* TodoDetailsViewController.swift */; };
		FE7381EC2E7939EE001CD7E9 /* TodoDetailsViewModel.swift in Sources */ = {isa = PBXBuildFile; fileRef = FE7381E82E7939EE001CD7E9 /* TodoDetailsViewModel.swift */; };
		FE7381ED2E7939EE001CD7E9 /* TodoDetailsTableViewCell.swift in Sources */ = {isa = PBXBuildFile; fileRef = FE7381E92E7939EE001CD7E9 /* TodoDetailsTableViewCell.swift */; };
		FE7381EE2E7939EE001CD7E9 /* UserViewModel.swift in Sources */ = {isa = PBXBuildFile; fileRef = FE7381EA2E7939EE001CD7E9 /* UserViewModel.swift */; };
		FE7381EF2E7939EE001CD7E9 /* TodoDetailsCoordinator.swift in Sources */ = {isa = PBXBuildFile; fileRef = FE7381E62E7939EE001CD7E9 /* TodoDetailsCoordinator.swift */; };
		FE7381F12E793E5E001CD7E9 /* SectionItem.swift in Sources */ = {isa = PBXBuildFile; fileRef = FE7381F02E793E5E001CD7E9 /* SectionItem.swift */; };
		FE7381F32E7945D0001CD7E9 /* SectionHeaderView.swift in Sources */ = {isa = PBXBuildFile; fileRef = FE7381F22E7945D0001CD7E9 /* SectionHeaderView.swift */; };
/* End PBXBuildFile section */

/* Begin PBXFileReference section */
		FE0AA0E32E7A83CC00F96718 /* FetchTodosWithUsersUseCase.swift */ = {isa = PBXFileReference; lastKnownFileType = sourcecode.swift; path = FetchTodosWithUsersUseCase.swift; sourceTree = "<group>"; };
		FE0AA0E52E7A843200F96718 /* LocalRepository.swift */ = {isa = PBXFileReference; lastKnownFileType = sourcecode.swift; path = LocalRepository.swift; sourceTree = "<group>"; };
		FE0AA0E72E7A867000F96718 /* LocalRepositoryImpl.swift */ = {isa = PBXFileReference; lastKnownFileType = sourcecode.swift; path = LocalRepositoryImpl.swift; sourceTree = "<group>"; };
		FE0AA0E92E7A8CA100F96718 /* CacheUserMapper.swift */ = {isa = PBXFileReference; lastKnownFileType = sourcecode.swift; path = CacheUserMapper.swift; sourceTree = "<group>"; };
		FE0AA0EC2E7A9D1900F96718 /* TodoItemViewModelMapper.swift */ = {isa = PBXFileReference; lastKnownFileType = sourcecode.swift; path = TodoItemViewModelMapper.swift; sourceTree = "<group>"; };
		FE65843C2E79A8F100AC58DC /* PersistentContainer.swift */ = {isa = PBXFileReference; lastKnownFileType = sourcecode.swift; path = PersistentContainer.swift; sourceTree = "<group>"; };
		FE6584412E79B11B00AC58DC /* FetchTodoListUseCase.swift */ = {isa = PBXFileReference; lastKnownFileType = sourcecode.swift; path = FetchTodoListUseCase.swift; sourceTree = "<group>"; };
		FE6584462E79B1EF00AC58DC /* NetworkService.swift */ = {isa = PBXFileReference; lastKnownFileType = sourcecode.swift; path = NetworkService.swift; sourceTree = "<group>"; };
		FE65844D2E79C53F00AC58DC /* TodoDTO.swift */ = {isa = PBXFileReference; lastKnownFileType = sourcecode.swift; path = TodoDTO.swift; sourceTree = "<group>"; };
		FE65844F2E79CD8700AC58DC /* TodoDTOMapper.swift */ = {isa = PBXFileReference; lastKnownFileType = sourcecode.swift; path = TodoDTOMapper.swift; sourceTree = "<group>"; };
		FE6584512E79CD9D00AC58DC /* Mapper.swift */ = {isa = PBXFileReference; lastKnownFileType = sourcecode.swift; path = Mapper.swift; sourceTree = "<group>"; };
		FE6584532E79CDB800AC58DC /* RemoteRepositoryImpl.swift */ = {isa = PBXFileReference; lastKnownFileType = sourcecode.swift; path = RemoteRepositoryImpl.swift; sourceTree = "<group>"; };
		FE6584552E79CDD400AC58DC /* APIEndpoint.swift */ = {isa = PBXFileReference; lastKnownFileType = sourcecode.swift; path = APIEndpoint.swift; sourceTree = "<group>"; };
		FE65845D2E79CEAE00AC58DC /* RemoteRepository.swift */ = {isa = PBXFileReference; lastKnownFileType = sourcecode.swift; path = RemoteRepository.swift; sourceTree = "<group>"; };
		FE65845F2E79CF3E00AC58DC /* Todo.swift */ = {isa = PBXFileReference; lastKnownFileType = sourcecode.swift; path = Todo.swift; sourceTree = "<group>"; };
		FE6584632E79D10100AC58DC /* UserDTO.swift */ = {isa = PBXFileReference; lastKnownFileType = sourcecode.swift; path = UserDTO.swift; sourceTree = "<group>"; };
		FE6584652E79D14B00AC58DC /* User.swift */ = {isa = PBXFileReference; lastKnownFileType = sourcecode.swift; path = User.swift; sourceTree = "<group>"; };
		FE7381AC2E7915F8001CD7E9 /* TodoListCoordinator.swift */ = {isa = PBXFileReference; lastKnownFileType = sourcecode.swift; path = TodoListCoordinator.swift; sourceTree = "<group>"; };
		FE7381AD2E7915F8001CD7E9 /* TodoListViewController.swift */ = {isa = PBXFileReference; lastKnownFileType = sourcecode.swift; path = TodoListViewController.swift; sourceTree = "<group>"; };
		FE7381AE2E7915F8001CD7E9 /* TodoListViewModel.swift */ = {isa = PBXFileReference; lastKnownFileType = sourcecode.swift; path = TodoListViewModel.swift; sourceTree = "<group>"; };
		FE7381B02E7915F8001CD7E9 /* AppCoordinator.swift */ = {isa = PBXFileReference; lastKnownFileType = sourcecode.swift; path = AppCoordinator.swift; sourceTree = "<group>"; };
		FE7381B12E7915F8001CD7E9 /* AppDelegate.swift */ = {isa = PBXFileReference; lastKnownFileType = sourcecode.swift; path = AppDelegate.swift; sourceTree = "<group>"; };
		FE7381B22E7915F8001CD7E9 /* Assets.xcassets */ = {isa = PBXFileReference; lastKnownFileType = folder.assetcatalog; path = Assets.xcassets; sourceTree = "<group>"; };
		FE7381B32E7915F8001CD7E9 /* BaseCoordinator.swift */ = {isa = PBXFileReference; lastKnownFileType = sourcecode.swift; path = BaseCoordinator.swift; sourceTree = "<group>"; };
		FE7381B42E7915F8001CD7E9 /* BaseNavigationController.swift */ = {isa = PBXFileReference; lastKnownFileType = sourcecode.swift; path = BaseNavigationController.swift; sourceTree = "<group>"; };
		FE7381B52E7915F8001CD7E9 /* BaseViewController.swift */ = {isa = PBXFileReference; lastKnownFileType = sourcecode.swift; path = BaseViewController.swift; sourceTree = "<group>"; };
		FE7381B62E7915F8001CD7E9 /* Colors.xcassets */ = {isa = PBXFileReference; lastKnownFileType = folder.assetcatalog; path = Colors.xcassets; sourceTree = "<group>"; };
		FE7381B72E7915F8001CD7E9 /* Info.plist */ = {isa = PBXFileReference; lastKnownFileType = text.plist.xml; path = Info.plist; sourceTree = "<group>"; };
		FE7381B92E7915F8001CD7E9 /* SceneDelegate.swift */ = {isa = PBXFileReference; lastKnownFileType = sourcecode.swift; path = SceneDelegate.swift; sourceTree = "<group>"; };
		FE7381BB2E7915F8001CD7E9 /* TODOAppCoordinator.swift */ = {isa = PBXFileReference; lastKnownFileType = sourcecode.swift; path = TODOAppCoordinator.swift; sourceTree = "<group>"; };
		FE7381BC2E7915F8001CD7E9 /* Base */ = {isa = PBXFileReference; lastKnownFileType = file.storyboard; name = Base; path = Base.lproj/LaunchScreen.storyboard; sourceTree = "<group>"; };
		FE7381BD2E7915F8001CD7E9 /* TODO_app.xcdatamodel */ = {isa = PBXFileReference; lastKnownFileType = wrapper.xcdatamodel; path = TODO_app.xcdatamodel; sourceTree = "<group>"; };
		FE7381DD2E7922B0001CD7E9 /* UIView+Extensions.swift */ = {isa = PBXFileReference; lastKnownFileType = sourcecode.swift; path = "UIView+Extensions.swift"; sourceTree = "<group>"; };
		FE7381DF2E792632001CD7E9 /* BaseTableViewCell.swift */ = {isa = PBXFileReference; lastKnownFileType = sourcecode.swift; path = BaseTableViewCell.swift; sourceTree = "<group>"; };
		FE7381E12E79279C001CD7E9 /* TodoListTableViewCell.swift */ = {isa = PBXFileReference; lastKnownFileType = sourcecode.swift; path = TodoListTableViewCell.swift; sourceTree = "<group>"; };
		FE7381E32E792A20001CD7E9 /* TodoItemViewModel.swift */ = {isa = PBXFileReference; lastKnownFileType = sourcecode.swift; path = TodoItemViewModel.swift; sourceTree = "<group>"; };
		FE7381E62E7939EE001CD7E9 /* TodoDetailsCoordinator.swift */ = {isa = PBXFileReference; lastKnownFileType = sourcecode.swift; path = TodoDetailsCoordinator.swift; sourceTree = "<group>"; };
		FE7381E72E7939EE001CD7E9 /* TodoDetailsViewController.swift */ = {isa = PBXFileReference; lastKnownFileType = sourcecode.swift; path = TodoDetailsViewController.swift; sourceTree = "<group>"; };
		FE7381E82E7939EE001CD7E9 /* TodoDetailsViewModel.swift */ = {isa = PBXFileReference; lastKnownFileType = sourcecode.swift; path = TodoDetailsViewModel.swift; sourceTree = "<group>"; };
		FE7381E92E7939EE001CD7E9 /* TodoDetailsTableViewCell.swift */ = {isa = PBXFileReference; lastKnownFileType = sourcecode.swift; path = TodoDetailsTableViewCell.swift; sourceTree = "<group>"; };
		FE7381EA2E7939EE001CD7E9 /* UserViewModel.swift */ = {isa = PBXFileReference; lastKnownFileType = sourcecode.swift; path = UserViewModel.swift; sourceTree = "<group>"; };
		FE7381F02E793E5E001CD7E9 /* SectionItem.swift */ = {isa = PBXFileReference; lastKnownFileType = sourcecode.swift; path = SectionItem.swift; sourceTree = "<group>"; };
		FE7381F22E7945D0001CD7E9 /* SectionHeaderView.swift */ = {isa = PBXFileReference; lastKnownFileType = sourcecode.swift; path = SectionHeaderView.swift; sourceTree = "<group>"; };
		FEE81C5B2E78585200E43A99 /* TODO app.app */ = {isa = PBXFileReference; explicitFileType = wrapper.application; includeInIndex = 0; path = "TODO app.app"; sourceTree = BUILT_PRODUCTS_DIR; };
/* End PBXFileReference section */

/* Begin PBXFrameworksBuildPhase section */
		FEE81C582E78585200E43A99 /* Frameworks */ = {
			isa = PBXFrameworksBuildPhase;
			buildActionMask = 2147483647;
			files = (
				FE65844A2E79B36600AC58DC /* Alamofire in Frameworks */,
			);
			runOnlyForDeploymentPostprocessing = 0;
		};
/* End PBXFrameworksBuildPhase section */

/* Begin PBXGroup section */
		FE0AA0EB2E7A9D0C00F96718 /* Mappers */ = {
			isa = PBXGroup;
			children = (
				FE6584512E79CD9D00AC58DC /* Mapper.swift */,
				FE0AA0EC2E7A9D1900F96718 /* TodoItemViewModelMapper.swift */,
			);
			path = Mappers;
			sourceTree = "<group>";
		};
		FE65843E2E79B0A700AC58DC /* Data */ = {
			isa = PBXGroup;
			children = (
				FE65845A2E79CE1800AC58DC /* Entities */,
				FE6584592E79CE0300AC58DC /* Mapper */,
				FE6584582E79CDE700AC58DC /* Repositories */,
				FE6584572E79CDE000AC58DC /* Requests */,
			);
			path = Data;
			sourceTree = "<group>";
		};
		FE65843F2E79B0B200AC58DC /* Domain */ = {
			isa = PBXGroup;
			children = (
				FE65845B2E79CE3100AC58DC /* Entities */,
				FE6584432E79B14900AC58DC /* Repositories */,
				FE6584402E79B0FA00AC58DC /* UseCases */,
			);
			path = Domain;
			sourceTree = "<group>";
		};
		FE6584402E79B0FA00AC58DC /* UseCases */ = {
			isa = PBXGroup;
			children = (
				FE6584412E79B11B00AC58DC /* FetchTodoListUseCase.swift */,
				FE0AA0E32E7A83CC00F96718 /* FetchTodosWithUsersUseCase.swift */,
			);
			path = UseCases;
			sourceTree = "<group>";
		};
		FE6584432E79B14900AC58DC /* Repositories */ = {
			isa = PBXGroup;
			children = (
				FE65845D2E79CEAE00AC58DC /* RemoteRepository.swift */,
				FE0AA0E52E7A843200F96718 /* LocalRepository.swift */,
			);
			path = Repositories;
			sourceTree = "<group>";
		};
		FE6584572E79CDE000AC58DC /* Requests */ = {
			isa = PBXGroup;
			children = (
				FE6584552E79CDD400AC58DC /* APIEndpoint.swift */,
			);
			path = Requests;
			sourceTree = "<group>";
		};
		FE6584582E79CDE700AC58DC /* Repositories */ = {
			isa = PBXGroup;
			children = (
				FE6584532E79CDB800AC58DC /* RemoteRepositoryImpl.swift */,
				FE0AA0E72E7A867000F96718 /* LocalRepositoryImpl.swift */,
			);
			path = Repositories;
			sourceTree = "<group>";
		};
		FE6584592E79CE0300AC58DC /* Mapper */ = {
			isa = PBXGroup;
			children = (
				FE65844F2E79CD8700AC58DC /* TodoDTOMapper.swift */,
				FE0AA0E92E7A8CA100F96718 /* CacheUserMapper.swift */,
			);
			path = Mapper;
			sourceTree = "<group>";
		};
		FE65845A2E79CE1800AC58DC /* Entities */ = {
			isa = PBXGroup;
			children = (
				FE6584632E79D10100AC58DC /* UserDTO.swift */,
				FE65844D2E79C53F00AC58DC /* TodoDTO.swift */,
			);
			path = Entities;
			sourceTree = "<group>";
		};
		FE65845B2E79CE3100AC58DC /* Entities */ = {
			isa = PBXGroup;
			children = (
				FE6584652E79D14B00AC58DC /* User.swift */,
				FE65845F2E79CF3E00AC58DC /* Todo.swift */,
			);
			path = Entities;
			sourceTree = "<group>";
		};
		FE7381D12E7919B5001CD7E9 /* Project */ = {
			isa = PBXGroup;
			children = (
				FE7381D32E791A1B001CD7E9 /* TODO */,
			);
			path = Project;
			sourceTree = "<group>";
		};
		FE7381D32E791A1B001CD7E9 /* TODO */ = {
			isa = PBXGroup;
			children = (
				FE7381D42E791A26001CD7E9 /* Resources */,
				FE7381D52E791A2D001CD7E9 /* Sources */,
				FE7381B72E7915F8001CD7E9 /* Info.plist */,
			);
			path = TODO;
			sourceTree = "<group>";
		};
		FE7381D42E791A26001CD7E9 /* Resources */ = {
			isa = PBXGroup;
			children = (
				FE7381B62E7915F8001CD7E9 /* Colors.xcassets */,
				FE7381B22E7915F8001CD7E9 /* Assets.xcassets */,
				FE7381B82E7915F8001CD7E9 /* LaunchScreen.storyboard */,
			);
			path = Resources;
			sourceTree = "<group>";
		};
		FE7381D52E791A2D001CD7E9 /* Sources */ = {
			isa = PBXGroup;
			children = (
				FE65843F2E79B0B200AC58DC /* Domain */,
				FE65843E2E79B0A700AC58DC /* Data */,
				FE7381D92E791B3E001CD7E9 /* Presentation */,
				FE7381D82E791B30001CD7E9 /* Infrastructure */,
				FE7381D72E791B28001CD7E9 /* Application */,
				FE7381DC2E792297001CD7E9 /* Utilities */,
			);
			path = Sources;
			sourceTree = "<group>";
		};
		FE7381D72E791B28001CD7E9 /* Application */ = {
			isa = PBXGroup;
			children = (
				FE7381B92E7915F8001CD7E9 /* SceneDelegate.swift */,
				FE7381B12E7915F8001CD7E9 /* AppDelegate.swift */,
				FE7381BB2E7915F8001CD7E9 /* TODOAppCoordinator.swift */,
			);
			path = Application;
			sourceTree = "<group>";
		};
		FE7381D82E791B30001CD7E9 /* Infrastructure */ = {
			isa = PBXGroup;
			children = (
				FE65843C2E79A8F100AC58DC /* PersistentContainer.swift */,
				FE6584462E79B1EF00AC58DC /* NetworkService.swift */,
			);
			path = Infrastructure;
			sourceTree = "<group>";
		};
		FE7381D92E791B3E001CD7E9 /* Presentation */ = {
			isa = PBXGroup;
			children = (
				FE7381E52E7939D0001CD7E9 /* TodoDetails */,
				FE7381BA2E7915F8001CD7E9 /* TODO_app.xcdatamodeld */,
				FE7381DB2E791B8D001CD7E9 /* TodoList */,
				FE7381DA2E791B79001CD7E9 /* Common */,
			);
			path = Presentation;
			sourceTree = "<group>";
		};
		FE7381DA2E791B79001CD7E9 /* Common */ = {
			isa = PBXGroup;
			children = (
				FE7381B02E7915F8001CD7E9 /* AppCoordinator.swift */,
				FE7381B32E7915F8001CD7E9 /* BaseCoordinator.swift */,
				FE7381B42E7915F8001CD7E9 /* BaseNavigationController.swift */,
				FE7381B52E7915F8001CD7E9 /* BaseViewController.swift */,
				FE7381DF2E792632001CD7E9 /* BaseTableViewCell.swift */,
			);
			path = Common;
			sourceTree = "<group>";
		};
		FE7381DB2E791B8D001CD7E9 /* TodoList */ = {
			isa = PBXGroup;
			children = (
				FE7381AC2E7915F8001CD7E9 /* TodoListCoordinator.swift */,
				FE7381AD2E7915F8001CD7E9 /* TodoListViewController.swift */,
				FE7381AE2E7915F8001CD7E9 /* TodoListViewModel.swift */,
				FE7381E12E79279C001CD7E9 /* TodoListTableViewCell.swift */,
				FE7381E32E792A20001CD7E9 /* TodoItemViewModel.swift */,
			);
			path = TodoList;
			sourceTree = "<group>";
		};
		FE7381DC2E792297001CD7E9 /* Utilities */ = {
			isa = PBXGroup;
			children = (
				FE0AA0EB2E7A9D0C00F96718 /* Mappers */,
				FE7381DD2E7922B0001CD7E9 /* UIView+Extensions.swift */,
			);
			path = Utilities;
			sourceTree = "<group>";
		};
		FE7381E52E7939D0001CD7E9 /* TodoDetails */ = {
			isa = PBXGroup;
			children = (
				FE7381E62E7939EE001CD7E9 /* TodoDetailsCoordinator.swift */,
				FE7381E72E7939EE001CD7E9 /* TodoDetailsViewController.swift */,
				FE7381E82E7939EE001CD7E9 /* TodoDetailsViewModel.swift */,
				FE7381E92E7939EE001CD7E9 /* TodoDetailsTableViewCell.swift */,
				FE7381EA2E7939EE001CD7E9 /* UserViewModel.swift */,
				FE7381F02E793E5E001CD7E9 /* SectionItem.swift */,
				FE7381F22E7945D0001CD7E9 /* SectionHeaderView.swift */,
			);
			path = TodoDetails;
			sourceTree = "<group>";
		};
		FEE81C522E78585200E43A99 = {
			isa = PBXGroup;
			children = (
				FE7381D12E7919B5001CD7E9 /* Project */,
				FEE81C5C2E78585200E43A99 /* Products */,
			);
			sourceTree = "<group>";
		};
		FEE81C5C2E78585200E43A99 /* Products */ = {
			isa = PBXGroup;
			children = (
				FEE81C5B2E78585200E43A99 /* TODO app.app */,
			);
			name = Products;
			sourceTree = "<group>";
		};
/* End PBXGroup section */

/* Begin PBXNativeTarget section */
		FEE81C5A2E78585200E43A99 /* TODO app */ = {
			isa = PBXNativeTarget;
			buildConfigurationList = FEE81C712E78585400E43A99 /* Build configuration list for PBXNativeTarget "TODO app" */;
			buildPhases = (
				FEE81C572E78585200E43A99 /* Sources */,
				FEE81C582E78585200E43A99 /* Frameworks */,
				FEE81C592E78585200E43A99 /* Resources */,
			);
			buildRules = (
			);
			dependencies = (
			);
			name = "TODO app";
			packageProductDependencies = (
				FE6584492E79B36600AC58DC /* Alamofire */,
			);
			productName = "TODO app";
			productReference = FEE81C5B2E78585200E43A99 /* TODO app.app */;
			productType = "com.apple.product-type.application";
		};
/* End PBXNativeTarget section */

/* Begin PBXProject section */
		FEE81C532E78585200E43A99 /* Project object */ = {
			isa = PBXProject;
			attributes = {
				BuildIndependentTargetsInParallel = 1;
				LastSwiftUpdateCheck = 1620;
				LastUpgradeCheck = 1620;
				TargetAttributes = {
					FEE81C5A2E78585200E43A99 = {
						CreatedOnToolsVersion = 16.2;
					};
				};
			};
			buildConfigurationList = FEE81C562E78585200E43A99 /* Build configuration list for PBXProject "TODO app" */;
			developmentRegion = en;
			hasScannedForEncodings = 0;
			knownRegions = (
				en,
				Base,
			);
			mainGroup = FEE81C522E78585200E43A99;
			minimizedProjectReferenceProxies = 1;
			packageReferences = (
				FE6584482E79B36600AC58DC /* XCRemoteSwiftPackageReference "Alamofire" */,
			);
			preferredProjectObjectVersion = 77;
			productRefGroup = FEE81C5C2E78585200E43A99 /* Products */;
			projectDirPath = "";
			projectRoot = "";
			targets = (
				FEE81C5A2E78585200E43A99 /* TODO app */,
			);
		};
/* End PBXProject section */

/* Begin PBXResourcesBuildPhase section */
		FEE81C592E78585200E43A99 /* Resources */ = {
			isa = PBXResourcesBuildPhase;
			buildActionMask = 2147483647;
			files = (
				FE7381CD2E7915F8001CD7E9 /* Assets.xcassets in Resources */,
				FE7381CE2E7915F8001CD7E9 /* Colors.xcassets in Resources */,
				FE7381D02E7915F8001CD7E9 /* LaunchScreen.storyboard in Resources */,
			);
			runOnlyForDeploymentPostprocessing = 0;
		};
/* End PBXResourcesBuildPhase section */

/* Begin PBXSourcesBuildPhase section */
		FEE81C572E78585200E43A99 /* Sources */ = {
			isa = PBXSourcesBuildPhase;
			buildActionMask = 2147483647;
			files = (
				FE7381EB2E7939EE001CD7E9 /* TodoDetailsViewController.swift in Sources */,
				FE7381EC2E7939EE001CD7E9 /* TodoDetailsViewModel.swift in Sources */,
				FE0AA0EA2E7A8CA100F96718 /* CacheUserMapper.swift in Sources */,
				FE0AA0E42E7A83CC00F96718 /* FetchTodosWithUsersUseCase.swift in Sources */,
				FE7381ED2E7939EE001CD7E9 /* TodoDetailsTableViewCell.swift in Sources */,
				FE6584642E79D10100AC58DC /* UserDTO.swift in Sources */,
				FE7381EE2E7939EE001CD7E9 /* UserViewModel.swift in Sources */,
				FE7381EF2E7939EE001CD7E9 /* TodoDetailsCoordinator.swift in Sources */,
				FE65845E2E79CEAE00AC58DC /* RemoteRepository.swift in Sources */,
				FE7381BE2E7915F8001CD7E9 /* TodoListCoordinator.swift in Sources */,
				FE7381BF2E7915F8001CD7E9 /* TodoListViewController.swift in Sources */,
				FE7381C02E7915F8001CD7E9 /* TodoListViewModel.swift in Sources */,
				FE7381E42E792A20001CD7E9 /* TodoItemViewModel.swift in Sources */,
				FE7381C12E7915F8001CD7E9 /* AppCoordinator.swift in Sources */,
				FE6584422E79B11B00AC58DC /* FetchTodoListUseCase.swift in Sources */,
				FE6584522E79CD9D00AC58DC /* Mapper.swift in Sources */,
				FE7381C22E7915F8001CD7E9 /* AppDelegate.swift in Sources */,
				FE65843D2E79A8F100AC58DC /* PersistentContainer.swift in Sources */,
				FE7381F32E7945D0001CD7E9 /* SectionHeaderView.swift in Sources */,
				FE6584542E79CDB800AC58DC /* RemoteRepositoryImpl.swift in Sources */,
				FE6584562E79CDD400AC58DC /* APIEndpoint.swift in Sources */,
				FE7381C32E7915F8001CD7E9 /* BaseCoordinator.swift in Sources */,
				FE7381F12E793E5E001CD7E9 /* SectionItem.swift in Sources */,
				FE7381DE2E7922B0001CD7E9 /* UIView+Extensions.swift in Sources */,
				FE0AA0ED2E7A9D1900F96718 /* TodoItemViewModelMapper.swift in Sources */,
				FE7381C42E7915F8001CD7E9 /* BaseNavigationController.swift in Sources */,
				FE7381C52E7915F8001CD7E9 /* BaseViewController.swift in Sources */,
				FE6584662E79D14B00AC58DC /* User.swift in Sources */,
				FE6584502E79CD8700AC58DC /* TodoDTOMapper.swift in Sources */,
				FE7381E22E79279C001CD7E9 /* TodoListTableViewCell.swift in Sources */,
				FE7381C62E7915F8001CD7E9 /* SceneDelegate.swift in Sources */,
				FE7381C72E7915F8001CD7E9 /* TODO_app.xcdatamodeld in Sources */,
				FE6584602E79CF3E00AC58DC /* Todo.swift in Sources */,
				FE0AA0E62E7A843200F96718 /* LocalRepository.swift in Sources */,
				FE65844E2E79C53F00AC58DC /* TodoDTO.swift in Sources */,
				FE7381C82E7915F8001CD7E9 /* TODOAppCoordinator.swift in Sources */,
				FE6584472E79B1EF00AC58DC /* NetworkService.swift in Sources */,
				FE0AA0E82E7A867000F96718 /* LocalRepositoryImpl.swift in Sources */,
				FE7381E02E792632001CD7E9 /* BaseTableViewCell.swift in Sources */,
			);
			runOnlyForDeploymentPostprocessing = 0;
		};
/* End PBXSourcesBuildPhase section */

/* Begin PBXVariantGroup section */
		FE7381B82E7915F8001CD7E9 /* LaunchScreen.storyboard */ = {
			isa = PBXVariantGroup;
			children = (
				FE7381BC2E7915F8001CD7E9 /* Base */,
			);
			name = LaunchScreen.storyboard;
			sourceTree = "<group>";
		};
/* End PBXVariantGroup section */

/* Begin XCBuildConfiguration section */
		FEE81C722E78585400E43A99 /* Debug */ = {
			isa = XCBuildConfiguration;
			buildSettings = {
				ASSETCATALOG_COMPILER_APPICON_NAME = AppIcon;
				ASSETCATALOG_COMPILER_GLOBAL_ACCENT_COLOR_NAME = AccentColor;
				CODE_SIGN_STYLE = Automatic;
				CURRENT_PROJECT_VERSION = 1;
				DEVELOPMENT_TEAM = 7MWTQPU7P6;
				GENERATE_INFOPLIST_FILE = YES;
				INFOPLIST_FILE = "/Users/sarvar/todo-app/Project/TODO/Info.plist";
				INFOPLIST_KEY_CFBundleDisplayName = TODO;
				INFOPLIST_KEY_UIApplicationSupportsIndirectInputEvents = YES;
				INFOPLIST_KEY_UILaunchStoryboardName = LaunchScreen;
				INFOPLIST_KEY_UISupportedInterfaceOrientations = UIInterfaceOrientationPortrait;
				IPHONEOS_DEPLOYMENT_TARGET = 15.0;
				LD_RUNPATH_SEARCH_PATHS = (
					"$(inherited)",
					"@executable_path/Frameworks",
				);
				MARKETING_VERSION = 1.0;
				PRODUCT_BUNDLE_IDENTIFIER = "khalmatovsarvar.TODO-app";
				PRODUCT_NAME = "$(TARGET_NAME)";
				SUPPORTED_PLATFORMS = "iphoneos iphonesimulator";
				SUPPORTS_MACCATALYST = NO;
				SUPPORTS_MAC_DESIGNED_FOR_IPHONE_IPAD = NO;
				SUPPORTS_XR_DESIGNED_FOR_IPHONE_IPAD = NO;
				SWIFT_EMIT_LOC_STRINGS = YES;
				SWIFT_VERSION = 5.0;
				TARGETED_DEVICE_FAMILY = 1;
			};
			name = Debug;
		};
		FEE81C732E78585400E43A99 /* Release */ = {
			isa = XCBuildConfiguration;
			buildSettings = {
				ASSETCATALOG_COMPILER_APPICON_NAME = AppIcon;
				ASSETCATALOG_COMPILER_GLOBAL_ACCENT_COLOR_NAME = AccentColor;
				CODE_SIGN_STYLE = Automatic;
				CURRENT_PROJECT_VERSION = 1;
				DEVELOPMENT_TEAM = 7MWTQPU7P6;
				GENERATE_INFOPLIST_FILE = YES;
				INFOPLIST_FILE = "/Users/sarvar/todo-app/Project/TODO/Info.plist";
				INFOPLIST_KEY_CFBundleDisplayName = TODO;
				INFOPLIST_KEY_UIApplicationSupportsIndirectInputEvents = YES;
				INFOPLIST_KEY_UILaunchStoryboardName = LaunchScreen;
				INFOPLIST_KEY_UISupportedInterfaceOrientations = UIInterfaceOrientationPortrait;
				IPHONEOS_DEPLOYMENT_TARGET = 15.0;
				LD_RUNPATH_SEARCH_PATHS = (
					"$(inherited)",
					"@executable_path/Frameworks",
				);
				MARKETING_VERSION = 1.0;
				PRODUCT_BUNDLE_IDENTIFIER = "khalmatovsarvar.TODO-app";
				PRODUCT_NAME = "$(TARGET_NAME)";
				SUPPORTED_PLATFORMS = "iphoneos iphonesimulator";
				SUPPORTS_MACCATALYST = NO;
				SUPPORTS_MAC_DESIGNED_FOR_IPHONE_IPAD = NO;
				SUPPORTS_XR_DESIGNED_FOR_IPHONE_IPAD = NO;
				SWIFT_EMIT_LOC_STRINGS = YES;
				SWIFT_VERSION = 5.0;
				TARGETED_DEVICE_FAMILY = 1;
			};
			name = Release;
		};
		FEE81C742E78585400E43A99 /* Debug */ = {
			isa = XCBuildConfiguration;
			buildSettings = {
				ALWAYS_SEARCH_USER_PATHS = NO;
				ASSETCATALOG_COMPILER_GENERATE_SWIFT_ASSET_SYMBOL_EXTENSIONS = YES;
				CLANG_ANALYZER_NONNULL = YES;
				CLANG_ANALYZER_NUMBER_OBJECT_CONVERSION = YES_AGGRESSIVE;
				CLANG_CXX_LANGUAGE_STANDARD = "gnu++20";
				CLANG_ENABLE_MODULES = YES;
				CLANG_ENABLE_OBJC_ARC = YES;
				CLANG_ENABLE_OBJC_WEAK = YES;
				CLANG_WARN_BLOCK_CAPTURE_AUTORELEASING = YES;
				CLANG_WARN_BOOL_CONVERSION = YES;
				CLANG_WARN_COMMA = YES;
				CLANG_WARN_CONSTANT_CONVERSION = YES;
				CLANG_WARN_DEPRECATED_OBJC_IMPLEMENTATIONS = YES;
				CLANG_WARN_DIRECT_OBJC_ISA_USAGE = YES_ERROR;
				CLANG_WARN_DOCUMENTATION_COMMENTS = YES;
				CLANG_WARN_EMPTY_BODY = YES;
				CLANG_WARN_ENUM_CONVERSION = YES;
				CLANG_WARN_INFINITE_RECURSION = YES;
				CLANG_WARN_INT_CONVERSION = YES;
				CLANG_WARN_NON_LITERAL_NULL_CONVERSION = YES;
				CLANG_WARN_OBJC_IMPLICIT_RETAIN_SELF = YES;
				CLANG_WARN_OBJC_LITERAL_CONVERSION = YES;
				CLANG_WARN_OBJC_ROOT_CLASS = YES_ERROR;
				CLANG_WARN_QUOTED_INCLUDE_IN_FRAMEWORK_HEADER = YES;
				CLANG_WARN_RANGE_LOOP_ANALYSIS = YES;
				CLANG_WARN_STRICT_PROTOTYPES = YES;
				CLANG_WARN_SUSPICIOUS_MOVE = YES;
				CLANG_WARN_UNGUARDED_AVAILABILITY = YES_AGGRESSIVE;
				CLANG_WARN_UNREACHABLE_CODE = YES;
				CLANG_WARN__DUPLICATE_METHOD_MATCH = YES;
				COPY_PHASE_STRIP = NO;
				DEBUG_INFORMATION_FORMAT = dwarf;
				ENABLE_STRICT_OBJC_MSGSEND = YES;
				ENABLE_TESTABILITY = YES;
				ENABLE_USER_SCRIPT_SANDBOXING = YES;
				GCC_C_LANGUAGE_STANDARD = gnu17;
				GCC_DYNAMIC_NO_PIC = NO;
				GCC_NO_COMMON_BLOCKS = YES;
				GCC_OPTIMIZATION_LEVEL = 0;
				GCC_PREPROCESSOR_DEFINITIONS = (
					"DEBUG=1",
					"$(inherited)",
				);
				GCC_WARN_64_TO_32_BIT_CONVERSION = YES;
				GCC_WARN_ABOUT_RETURN_TYPE = YES_ERROR;
				GCC_WARN_UNDECLARED_SELECTOR = YES;
				GCC_WARN_UNINITIALIZED_AUTOS = YES_AGGRESSIVE;
				GCC_WARN_UNUSED_FUNCTION = YES;
				GCC_WARN_UNUSED_VARIABLE = YES;
				IPHONEOS_DEPLOYMENT_TARGET = 18.2;
				LOCALIZATION_PREFERS_STRING_CATALOGS = YES;
				MTL_ENABLE_DEBUG_INFO = INCLUDE_SOURCE;
				MTL_FAST_MATH = YES;
				ONLY_ACTIVE_ARCH = YES;
				SDKROOT = iphoneos;
				SWIFT_ACTIVE_COMPILATION_CONDITIONS = "DEBUG $(inherited)";
				SWIFT_OPTIMIZATION_LEVEL = "-Onone";
			};
			name = Debug;
		};
		FEE81C752E78585400E43A99 /* Release */ = {
			isa = XCBuildConfiguration;
			buildSettings = {
				ALWAYS_SEARCH_USER_PATHS = NO;
				ASSETCATALOG_COMPILER_GENERATE_SWIFT_ASSET_SYMBOL_EXTENSIONS = YES;
				CLANG_ANALYZER_NONNULL = YES;
				CLANG_ANALYZER_NUMBER_OBJECT_CONVERSION = YES_AGGRESSIVE;
				CLANG_CXX_LANGUAGE_STANDARD = "gnu++20";
				CLANG_ENABLE_MODULES = YES;
				CLANG_ENABLE_OBJC_ARC = YES;
				CLANG_ENABLE_OBJC_WEAK = YES;
				CLANG_WARN_BLOCK_CAPTURE_AUTORELEASING = YES;
				CLANG_WARN_BOOL_CONVERSION = YES;
				CLANG_WARN_COMMA = YES;
				CLANG_WARN_CONSTANT_CONVERSION = YES;
				CLANG_WARN_DEPRECATED_OBJC_IMPLEMENTATIONS = YES;
				CLANG_WARN_DIRECT_OBJC_ISA_USAGE = YES_ERROR;
				CLANG_WARN_DOCUMENTATION_COMMENTS = YES;
				CLANG_WARN_EMPTY_BODY = YES;
				CLANG_WARN_ENUM_CONVERSION = YES;
				CLANG_WARN_INFINITE_RECURSION = YES;
				CLANG_WARN_INT_CONVERSION = YES;
				CLANG_WARN_NON_LITERAL_NULL_CONVERSION = YES;
				CLANG_WARN_OBJC_IMPLICIT_RETAIN_SELF = YES;
				CLANG_WARN_OBJC_LITERAL_CONVERSION = YES;
				CLANG_WARN_OBJC_ROOT_CLASS = YES_ERROR;
				CLANG_WARN_QUOTED_INCLUDE_IN_FRAMEWORK_HEADER = YES;
				CLANG_WARN_RANGE_LOOP_ANALYSIS = YES;
				CLANG_WARN_STRICT_PROTOTYPES = YES;
				CLANG_WARN_SUSPICIOUS_MOVE = YES;
				CLANG_WARN_UNGUARDED_AVAILABILITY = YES_AGGRESSIVE;
				CLANG_WARN_UNREACHABLE_CODE = YES;
				CLANG_WARN__DUPLICATE_METHOD_MATCH = YES;
				COPY_PHASE_STRIP = NO;
				DEBUG_INFORMATION_FORMAT = "dwarf-with-dsym";
				ENABLE_NS_ASSERTIONS = NO;
				ENABLE_STRICT_OBJC_MSGSEND = YES;
				ENABLE_USER_SCRIPT_SANDBOXING = YES;
				GCC_C_LANGUAGE_STANDARD = gnu17;
				GCC_NO_COMMON_BLOCKS = YES;
				GCC_WARN_64_TO_32_BIT_CONVERSION = YES;
				GCC_WARN_ABOUT_RETURN_TYPE = YES_ERROR;
				GCC_WARN_UNDECLARED_SELECTOR = YES;
				GCC_WARN_UNINITIALIZED_AUTOS = YES_AGGRESSIVE;
				GCC_WARN_UNUSED_FUNCTION = YES;
				GCC_WARN_UNUSED_VARIABLE = YES;
				IPHONEOS_DEPLOYMENT_TARGET = 18.2;
				LOCALIZATION_PREFERS_STRING_CATALOGS = YES;
				MTL_ENABLE_DEBUG_INFO = NO;
				MTL_FAST_MATH = YES;
				SDKROOT = iphoneos;
				SWIFT_COMPILATION_MODE = wholemodule;
				VALIDATE_PRODUCT = YES;
			};
			name = Release;
		};
/* End XCBuildConfiguration section */

/* Begin XCConfigurationList section */
		FEE81C562E78585200E43A99 /* Build configuration list for PBXProject "TODO app" */ = {
			isa = XCConfigurationList;
			buildConfigurations = (
				FEE81C742E78585400E43A99 /* Debug */,
				FEE81C752E78585400E43A99 /* Release */,
			);
			defaultConfigurationIsVisible = 0;
			defaultConfigurationName = Release;
		};
		FEE81C712E78585400E43A99 /* Build configuration list for PBXNativeTarget "TODO app" */ = {
			isa = XCConfigurationList;
			buildConfigurations = (
				FEE81C722E78585400E43A99 /* Debug */,
				FEE81C732E78585400E43A99 /* Release */,
			);
			defaultConfigurationIsVisible = 0;
			defaultConfigurationName = Release;
		};
/* End XCConfigurationList section */

/* Begin XCRemoteSwiftPackageReference section */
		FE6584482E79B36600AC58DC /* XCRemoteSwiftPackageReference "Alamofire" */ = {
			isa = XCRemoteSwiftPackageReference;
			repositoryURL = "https://github.com/Alamofire/Alamofire.git";
			requirement = {
				kind = upToNextMajorVersion;
				minimumVersion = 5.10.2;
			};
		};
/* End XCRemoteSwiftPackageReference section */

/* Begin XCSwiftPackageProductDependency section */
		FE6584492E79B36600AC58DC /* Alamofire */ = {
			isa = XCSwiftPackageProductDependency;
			package = FE6584482E79B36600AC58DC /* XCRemoteSwiftPackageReference "Alamofire" */;
			productName = Alamofire;
		};
/* End XCSwiftPackageProductDependency section */

/* Begin XCVersionGroup section */
		FE7381BA2E7915F8001CD7E9 /* TODO_app.xcdatamodeld */ = {
			isa = XCVersionGroup;
			children = (
				FE7381BD2E7915F8001CD7E9 /* TODO_app.xcdatamodel */,
			);
			currentVersion = FE7381BD2E7915F8001CD7E9 /* TODO_app.xcdatamodel */;
			path = TODO_app.xcdatamodeld;
			sourceTree = "<group>";
			versionGroupType = wrapper.xcdatamodel;
		};
/* End XCVersionGroup section */
	};
	rootObject = FEE81C532E78585200E43A99 /* Project object */;
}
